// !$*UTF8*$!
{
	archiveVersion = 1;
	classes = {
	};
	objectVersion = 56;
	objects = {

/* Begin PBXBuildFile section */
		934A36DE2B682190001E4F24 /* DropDownListPickerView.swift in Sources */ = {isa = PBXBuildFile; fileRef = 934A36DD2B682190001E4F24 /* DropDownListPickerView.swift */; };
		935DCFE22B516BAA00F08ECF /* Constants.swift in Sources */ = {isa = PBXBuildFile; fileRef = 935DCFE12B516BAA00F08ECF /* Constants.swift */; };
		935DCFE42B518A4000F08ECF /* LoaderView.swift in Sources */ = {isa = PBXBuildFile; fileRef = 935DCFE32B518A4000F08ECF /* LoaderView.swift */; };
		935DCFE62B51961F00F08ECF /* TestCasesModel.swift in Sources */ = {isa = PBXBuildFile; fileRef = 935DCFE52B51961F00F08ECF /* TestCasesModel.swift */; };
		93651C822B555F2100E96345 /* SuiteAndCaseData.swift in Sources */ = {isa = PBXBuildFile; fileRef = 93651C812B555F2100E96345 /* SuiteAndCaseData.swift */; };
		93748C312B4808F500BE7FFB /* ProjectsViewController.swift in Sources */ = {isa = PBXBuildFile; fileRef = 93748C302B4808F500BE7FFB /* ProjectsViewController.swift */; };
		93748C332B480F4400BE7FFB /* AuthViewController.swift in Sources */ = {isa = PBXBuildFile; fileRef = 93748C322B480F4400BE7FFB /* AuthViewController.swift */; };
		93748C402B481C8600BE7FFB /* ProjectTableViewCell.swift in Sources */ = {isa = PBXBuildFile; fileRef = 93748C3F2B481C8600BE7FFB /* ProjectTableViewCell.swift */; };
		937650C22B6CE70800B5336B /* DetailTabbarControllerViewModel.swift in Sources */ = {isa = PBXBuildFile; fileRef = 937650C12B6CE70800B5336B /* DetailTabbarControllerViewModel.swift */; };
		937F04262AD84E3D006DDB28 /* AppDelegate.swift in Sources */ = {isa = PBXBuildFile; fileRef = 937F04252AD84E3D006DDB28 /* AppDelegate.swift */; };
		937F04282AD84E3D006DDB28 /* SceneDelegate.swift in Sources */ = {isa = PBXBuildFile; fileRef = 937F04272AD84E3D006DDB28 /* SceneDelegate.swift */; };
		937F042D2AD84E3D006DDB28 /* Main.storyboard in Resources */ = {isa = PBXBuildFile; fileRef = 937F042B2AD84E3D006DDB28 /* Main.storyboard */; };
		937F042F2AD84E3F006DDB28 /* Assets.xcassets in Resources */ = {isa = PBXBuildFile; fileRef = 937F042E2AD84E3F006DDB28 /* Assets.xcassets */; };
		937F04322AD84E3F006DDB28 /* LaunchScreen.storyboard in Resources */ = {isa = PBXBuildFile; fileRef = 937F04302AD84E3F006DDB28 /* LaunchScreen.storyboard */; };
		9384FCDD2B4D7E37009EB478 /* SuitesDataModel.swift in Sources */ = {isa = PBXBuildFile; fileRef = 9384FCDC2B4D7E37009EB478 /* SuitesDataModel.swift */; };
		9384FCDF2B4D7FC0009EB478 /* SuitesAndCasesTableViewController.swift in Sources */ = {isa = PBXBuildFile; fileRef = 9384FCDE2B4D7FC0009EB478 /* SuitesAndCasesTableViewController.swift */; };
		9395F7342B46DC820050C3F8 /* ProjectDataModel.swift in Sources */ = {isa = PBXBuildFile; fileRef = 9395F7332B46DC820050C3F8 /* ProjectDataModel.swift */; };
		93C743102B4C7BBA009F8865 /* Assets.swift in Sources */ = {isa = PBXBuildFile; fileRef = 93C7430F2B4C7BBA009F8865 /* Assets.swift */; };
		93DCDF592BE4EC3800D4F365 /* ProjectsViewModel.swift in Sources */ = {isa = PBXBuildFile; fileRef = 93DCDF582BE4EC3800D4F365 /* ProjectsViewModel.swift */; };
		93DCDF5B2BE4F11F00D4F365 /* AuthViewModel.swift in Sources */ = {isa = PBXBuildFile; fileRef = 93DCDF5A2BE4F11F00D4F365 /* AuthViewModel.swift */; };
		93DCDF5D2BE5159500D4F365 /* SuitesAndCasesViewModel.swift in Sources */ = {isa = PBXBuildFile; fileRef = 93DCDF5C2BE5159500D4F365 /* SuitesAndCasesViewModel.swift */; };
		93DCDF5F2BE51C2900D4F365 /* Protocols.swift in Sources */ = {isa = PBXBuildFile; fileRef = 93DCDF5E2BE51C2900D4F365 /* Protocols.swift */; };
		93F1F37C2B59876000667DB9 /* DetailTabBarController.swift in Sources */ = {isa = PBXBuildFile; fileRef = 93F1F37B2B59876000667DB9 /* DetailTabBarController.swift */; };
		93F1F37F2B5987DB00667DB9 /* GeneralDetailCaseViewController.swift in Sources */ = {isa = PBXBuildFile; fileRef = 93F1F37E2B5987DB00667DB9 /* GeneralDetailCaseViewController.swift */; };
		93F1F3812B5987F500667DB9 /* PropertiesDetailCaseViewController.swift in Sources */ = {isa = PBXBuildFile; fileRef = 93F1F3802B5987F500667DB9 /* PropertiesDetailCaseViewController.swift */; };
		93F1F3832B59881D00667DB9 /* RunsDetailCaseViewController.swift in Sources */ = {isa = PBXBuildFile; fileRef = 93F1F3822B59881D00667DB9 /* RunsDetailCaseViewController.swift */; };
		93F1F3852B59882C00667DB9 /* DefectsDetailCaseViewController.swift in Sources */ = {isa = PBXBuildFile; fileRef = 93F1F3842B59882C00667DB9 /* DefectsDetailCaseViewController.swift */; };
		93F3B1622B52C1EC007844F5 /* SuitesAndCasesTableViewCell.swift in Sources */ = {isa = PBXBuildFile; fileRef = 93F3B1612B52C1EC007844F5 /* SuitesAndCasesTableViewCell.swift */; };
		93F3B1642B52C3B7007844F5 /* APIManager.swift in Sources */ = {isa = PBXBuildFile; fileRef = 93F3B1632B52C3B7007844F5 /* APIManager.swift */; };
/* End PBXBuildFile section */

/* Begin PBXFileReference section */
		934A36DD2B682190001E4F24 /* DropDownListPickerView.swift */ = {isa = PBXFileReference; lastKnownFileType = sourcecode.swift; path = DropDownListPickerView.swift; sourceTree = "<group>"; };
		935DCFE12B516BAA00F08ECF /* Constants.swift */ = {isa = PBXFileReference; lastKnownFileType = sourcecode.swift; path = Constants.swift; sourceTree = "<group>"; };
		935DCFE32B518A4000F08ECF /* LoaderView.swift */ = {isa = PBXFileReference; lastKnownFileType = sourcecode.swift; path = LoaderView.swift; sourceTree = "<group>"; };
		935DCFE52B51961F00F08ECF /* TestCasesModel.swift */ = {isa = PBXFileReference; lastKnownFileType = sourcecode.swift; name = TestCasesModel.swift; path = QaseAPIProj/Models/TestCasesModel.swift; sourceTree = SOURCE_ROOT; };
		93651C812B555F2100E96345 /* SuiteAndCaseData.swift */ = {isa = PBXFileReference; lastKnownFileType = sourcecode.swift; path = SuiteAndCaseData.swift; sourceTree = "<group>"; };
		93748C302B4808F500BE7FFB /* ProjectsViewController.swift */ = {isa = PBXFileReference; lastKnownFileType = sourcecode.swift; path = ProjectsViewController.swift; sourceTree = "<group>"; };
		93748C322B480F4400BE7FFB /* AuthViewController.swift */ = {isa = PBXFileReference; lastKnownFileType = sourcecode.swift; path = AuthViewController.swift; sourceTree = "<group>"; };
		93748C3F2B481C8600BE7FFB /* ProjectTableViewCell.swift */ = {isa = PBXFileReference; lastKnownFileType = sourcecode.swift; path = ProjectTableViewCell.swift; sourceTree = "<group>"; };
		937650C12B6CE70800B5336B /* DetailTabbarControllerViewModel.swift */ = {isa = PBXFileReference; lastKnownFileType = sourcecode.swift; path = DetailTabbarControllerViewModel.swift; sourceTree = "<group>"; };
		937F04222AD84E3D006DDB28 /* QaseAPIProj.app */ = {isa = PBXFileReference; explicitFileType = wrapper.application; includeInIndex = 0; path = QaseAPIProj.app; sourceTree = BUILT_PRODUCTS_DIR; };
		937F04252AD84E3D006DDB28 /* AppDelegate.swift */ = {isa = PBXFileReference; lastKnownFileType = sourcecode.swift; path = AppDelegate.swift; sourceTree = "<group>"; };
		937F04272AD84E3D006DDB28 /* SceneDelegate.swift */ = {isa = PBXFileReference; lastKnownFileType = sourcecode.swift; path = SceneDelegate.swift; sourceTree = "<group>"; };
		937F042C2AD84E3D006DDB28 /* Base */ = {isa = PBXFileReference; lastKnownFileType = file.storyboard; name = Base; path = Base.lproj/Main.storyboard; sourceTree = "<group>"; };
		937F042E2AD84E3F006DDB28 /* Assets.xcassets */ = {isa = PBXFileReference; lastKnownFileType = folder.assetcatalog; path = Assets.xcassets; sourceTree = "<group>"; };
		937F04312AD84E3F006DDB28 /* Base */ = {isa = PBXFileReference; lastKnownFileType = file.storyboard; name = Base; path = Base.lproj/LaunchScreen.storyboard; sourceTree = "<group>"; };
		937F04332AD84E3F006DDB28 /* Info.plist */ = {isa = PBXFileReference; lastKnownFileType = text.plist.xml; path = Info.plist; sourceTree = "<group>"; };
		9384FCDC2B4D7E37009EB478 /* SuitesDataModel.swift */ = {isa = PBXFileReference; lastKnownFileType = sourcecode.swift; name = SuitesDataModel.swift; path = QaseAPIProj/Models/SuitesDataModel.swift; sourceTree = SOURCE_ROOT; };
		9384FCDE2B4D7FC0009EB478 /* SuitesAndCasesTableViewController.swift */ = {isa = PBXFileReference; lastKnownFileType = sourcecode.swift; path = SuitesAndCasesTableViewController.swift; sourceTree = "<group>"; };
		9395F7332B46DC820050C3F8 /* ProjectDataModel.swift */ = {isa = PBXFileReference; lastKnownFileType = sourcecode.swift; path = ProjectDataModel.swift; sourceTree = "<group>"; };
		93C7430F2B4C7BBA009F8865 /* Assets.swift */ = {isa = PBXFileReference; lastKnownFileType = sourcecode.swift; path = Assets.swift; sourceTree = "<group>"; };
		93DCDF582BE4EC3800D4F365 /* ProjectsViewModel.swift */ = {isa = PBXFileReference; lastKnownFileType = sourcecode.swift; path = ProjectsViewModel.swift; sourceTree = "<group>"; };
		93DCDF5A2BE4F11F00D4F365 /* AuthViewModel.swift */ = {isa = PBXFileReference; lastKnownFileType = sourcecode.swift; path = AuthViewModel.swift; sourceTree = "<group>"; };
		93DCDF5C2BE5159500D4F365 /* SuitesAndCasesViewModel.swift */ = {isa = PBXFileReference; lastKnownFileType = sourcecode.swift; path = SuitesAndCasesViewModel.swift; sourceTree = "<group>"; };
		93DCDF5E2BE51C2900D4F365 /* Protocols.swift */ = {isa = PBXFileReference; lastKnownFileType = sourcecode.swift; path = Protocols.swift; sourceTree = "<group>"; };
		93F1F37B2B59876000667DB9 /* DetailTabBarController.swift */ = {isa = PBXFileReference; lastKnownFileType = sourcecode.swift; path = DetailTabBarController.swift; sourceTree = "<group>"; };
		93F1F37E2B5987DB00667DB9 /* GeneralDetailCaseViewController.swift */ = {isa = PBXFileReference; lastKnownFileType = sourcecode.swift; path = GeneralDetailCaseViewController.swift; sourceTree = "<group>"; };
		93F1F3802B5987F500667DB9 /* PropertiesDetailCaseViewController.swift */ = {isa = PBXFileReference; lastKnownFileType = sourcecode.swift; path = PropertiesDetailCaseViewController.swift; sourceTree = "<group>"; };
		93F1F3822B59881D00667DB9 /* RunsDetailCaseViewController.swift */ = {isa = PBXFileReference; lastKnownFileType = sourcecode.swift; path = RunsDetailCaseViewController.swift; sourceTree = "<group>"; };
		93F1F3842B59882C00667DB9 /* DefectsDetailCaseViewController.swift */ = {isa = PBXFileReference; lastKnownFileType = sourcecode.swift; path = DefectsDetailCaseViewController.swift; sourceTree = "<group>"; };
		93F3B1612B52C1EC007844F5 /* SuitesAndCasesTableViewCell.swift */ = {isa = PBXFileReference; lastKnownFileType = sourcecode.swift; path = SuitesAndCasesTableViewCell.swift; sourceTree = "<group>"; };
		93F3B1632B52C3B7007844F5 /* APIManager.swift */ = {isa = PBXFileReference; lastKnownFileType = sourcecode.swift; path = APIManager.swift; sourceTree = "<group>"; };
/* End PBXFileReference section */

/* Begin PBXFrameworksBuildPhase section */
		937F041F2AD84E3D006DDB28 /* Frameworks */ = {
			isa = PBXFrameworksBuildPhase;
			buildActionMask = 2147483647;
			files = (
			);
			runOnlyForDeploymentPostprocessing = 0;
		};
/* End PBXFrameworksBuildPhase section */

/* Begin PBXGroup section */
		934A36DC2B6820F9001E4F24 /* ViewModel */ = {
			isa = PBXGroup;
			children = (
				93DCDF5A2BE4F11F00D4F365 /* AuthViewModel.swift */,
				937650C12B6CE70800B5336B /* DetailTabbarControllerViewModel.swift */,
				93DCDF582BE4EC3800D4F365 /* ProjectsViewModel.swift */,
				93DCDF5C2BE5159500D4F365 /* SuitesAndCasesViewModel.swift */,
			);
			path = ViewModel;
			sourceTree = "<group>";
		};
		93748C2F2B4808BF00BE7FFB /* ViewControllers */ = {
			isa = PBXGroup;
			children = (
				93F1F37D2B59879900667DB9 /* DetailCaseScreen */,
				9384FCDE2B4D7FC0009EB478 /* SuitesAndCasesTableViewController.swift */,
				93748C302B4808F500BE7FFB /* ProjectsViewController.swift */,
				93748C322B480F4400BE7FFB /* AuthViewController.swift */,
			);
			path = ViewControllers;
			sourceTree = "<group>";
		};
		93748C3E2B481C3D00BE7FFB /* Views */ = {
			isa = PBXGroup;
			children = (
				93748C3F2B481C8600BE7FFB /* ProjectTableViewCell.swift */,
				935DCFE32B518A4000F08ECF /* LoaderView.swift */,
				93F3B1612B52C1EC007844F5 /* SuitesAndCasesTableViewCell.swift */,
				934A36DD2B682190001E4F24 /* DropDownListPickerView.swift */,
			);
			path = Views;
			sourceTree = "<group>";
		};
		937650C32B6CE7C800B5336B /* Classes */ = {
			isa = PBXGroup;
			children = (
				935DCFE12B516BAA00F08ECF /* Constants.swift */,
				93DCDF5E2BE51C2900D4F365 /* Protocols.swift */,
			);
			path = Classes;
			sourceTree = "<group>";
		};
		937F04192AD84E3D006DDB28 = {
			isa = PBXGroup;
			children = (
				937F04242AD84E3D006DDB28 /* QaseAPIProj */,
				937F04232AD84E3D006DDB28 /* Products */,
			);
			sourceTree = "<group>";
		};
		937F04232AD84E3D006DDB28 /* Products */ = {
			isa = PBXGroup;
			children = (
				937F04222AD84E3D006DDB28 /* QaseAPIProj.app */,
			);
			name = Products;
			sourceTree = "<group>";
		};
		937F04242AD84E3D006DDB28 /* QaseAPIProj */ = {
			isa = PBXGroup;
			children = (
				937650C32B6CE7C800B5336B /* Classes */,
				934A36DC2B6820F9001E4F24 /* ViewModel */,
				93C7430E2B4C7B9A009F8865 /* Resources */,
				93748C3E2B481C3D00BE7FFB /* Views */,
				93748C2F2B4808BF00BE7FFB /* ViewControllers */,
				9395F7372B46DE970050C3F8 /* Models */,
				937F04252AD84E3D006DDB28 /* AppDelegate.swift */,
				937F04272AD84E3D006DDB28 /* SceneDelegate.swift */,
				93F3B1632B52C3B7007844F5 /* APIManager.swift */,
				937F042B2AD84E3D006DDB28 /* Main.storyboard */,
				937F042E2AD84E3F006DDB28 /* Assets.xcassets */,
				937F04302AD84E3F006DDB28 /* LaunchScreen.storyboard */,
				937F04332AD84E3F006DDB28 /* Info.plist */,
			);
			path = QaseAPIProj;
			sourceTree = "<group>";
		};
		9395F7372B46DE970050C3F8 /* Models */ = {
			isa = PBXGroup;
			children = (
				9384FCDC2B4D7E37009EB478 /* SuitesDataModel.swift */,
				935DCFE52B51961F00F08ECF /* TestCasesModel.swift */,
				9395F7332B46DC820050C3F8 /* ProjectDataModel.swift */,
				93651C812B555F2100E96345 /* SuiteAndCaseData.swift */,
			);
			path = Models;
			sourceTree = "<group>";
		};
		93C7430E2B4C7B9A009F8865 /* Resources */ = {
			isa = PBXGroup;
			children = (
				93C7430F2B4C7BBA009F8865 /* Assets.swift */,
			);
			path = Resources;
			sourceTree = "<group>";
		};
		93F1F37D2B59879900667DB9 /* DetailCaseScreen */ = {
			isa = PBXGroup;
			children = (
				93F1F37B2B59876000667DB9 /* DetailTabBarController.swift */,
				93F1F37E2B5987DB00667DB9 /* GeneralDetailCaseViewController.swift */,
				93F1F3802B5987F500667DB9 /* PropertiesDetailCaseViewController.swift */,
				93F1F3822B59881D00667DB9 /* RunsDetailCaseViewController.swift */,
				93F1F3842B59882C00667DB9 /* DefectsDetailCaseViewController.swift */,
			);
			path = DetailCaseScreen;
			sourceTree = "<group>";
		};
/* End PBXGroup section */

/* Begin PBXNativeTarget section */
		937F04212AD84E3D006DDB28 /* QaseAPIProj */ = {
			isa = PBXNativeTarget;
			buildConfigurationList = 937F04362AD84E3F006DDB28 /* Build configuration list for PBXNativeTarget "QaseAPIProj" */;
			buildPhases = (
				937F041E2AD84E3D006DDB28 /* Sources */,
				937F041F2AD84E3D006DDB28 /* Frameworks */,
				937F04202AD84E3D006DDB28 /* Resources */,
			);
			buildRules = (
			);
			dependencies = (
			);
			name = QaseAPIProj;
			productName = project10;
			productReference = 937F04222AD84E3D006DDB28 /* QaseAPIProj.app */;
			productType = "com.apple.product-type.application";
		};
/* End PBXNativeTarget section */

/* Begin PBXProject section */
		937F041A2AD84E3D006DDB28 /* Project object */ = {
			isa = PBXProject;
			attributes = {
				BuildIndependentTargetsInParallel = 1;
				LastSwiftUpdateCheck = 1500;
				LastUpgradeCheck = 1500;
				TargetAttributes = {
					937F04212AD84E3D006DDB28 = {
						CreatedOnToolsVersion = 15.0;
					};
				};
			};
			buildConfigurationList = 937F041D2AD84E3D006DDB28 /* Build configuration list for PBXProject "QaseAPIProj" */;
			compatibilityVersion = "Xcode 14.0";
			developmentRegion = en;
			hasScannedForEncodings = 0;
			knownRegions = (
				en,
				Base,
			);
			mainGroup = 937F04192AD84E3D006DDB28;
			productRefGroup = 937F04232AD84E3D006DDB28 /* Products */;
			projectDirPath = "";
			projectRoot = "";
			targets = (
				937F04212AD84E3D006DDB28 /* QaseAPIProj */,
			);
		};
/* End PBXProject section */

/* Begin PBXResourcesBuildPhase section */
		937F04202AD84E3D006DDB28 /* Resources */ = {
			isa = PBXResourcesBuildPhase;
			buildActionMask = 2147483647;
			files = (
				937F04322AD84E3F006DDB28 /* LaunchScreen.storyboard in Resources */,
				937F042F2AD84E3F006DDB28 /* Assets.xcassets in Resources */,
				937F042D2AD84E3D006DDB28 /* Main.storyboard in Resources */,
			);
			runOnlyForDeploymentPostprocessing = 0;
		};
/* End PBXResourcesBuildPhase section */

/* Begin PBXSourcesBuildPhase section */
		937F041E2AD84E3D006DDB28 /* Sources */ = {
			isa = PBXSourcesBuildPhase;
			buildActionMask = 2147483647;
			files = (
				93C743102B4C7BBA009F8865 /* Assets.swift in Sources */,
				93F1F3832B59881D00667DB9 /* RunsDetailCaseViewController.swift in Sources */,
				93651C822B555F2100E96345 /* SuiteAndCaseData.swift in Sources */,
				93DCDF5D2BE5159500D4F365 /* SuitesAndCasesViewModel.swift in Sources */,
				935DCFE42B518A4000F08ECF /* LoaderView.swift in Sources */,
				93DCDF592BE4EC3800D4F365 /* ProjectsViewModel.swift in Sources */,
				93F1F3852B59882C00667DB9 /* DefectsDetailCaseViewController.swift in Sources */,
				93748C312B4808F500BE7FFB /* ProjectsViewController.swift in Sources */,
				937F04262AD84E3D006DDB28 /* AppDelegate.swift in Sources */,
				937650C22B6CE70800B5336B /* DetailTabbarControllerViewModel.swift in Sources */,
				93F3B1622B52C1EC007844F5 /* SuitesAndCasesTableViewCell.swift in Sources */,
				934A36DE2B682190001E4F24 /* DropDownListPickerView.swift in Sources */,
				93DCDF5F2BE51C2900D4F365 /* Protocols.swift in Sources */,
				937F04282AD84E3D006DDB28 /* SceneDelegate.swift in Sources */,
				93F3B1642B52C3B7007844F5 /* APIManager.swift in Sources */,
				93F1F3812B5987F500667DB9 /* PropertiesDetailCaseViewController.swift in Sources */,
				93748C402B481C8600BE7FFB /* ProjectTableViewCell.swift in Sources */,
				935DCFE22B516BAA00F08ECF /* Constants.swift in Sources */,
				93F1F37C2B59876000667DB9 /* DetailTabBarController.swift in Sources */,
				935DCFE62B51961F00F08ECF /* TestCasesModel.swift in Sources */,
				9384FCDD2B4D7E37009EB478 /* SuitesDataModel.swift in Sources */,
				9384FCDF2B4D7FC0009EB478 /* SuitesAndCasesTableViewController.swift in Sources */,
				93DCDF5B2BE4F11F00D4F365 /* AuthViewModel.swift in Sources */,
				93748C332B480F4400BE7FFB /* AuthViewController.swift in Sources */,
				9395F7342B46DC820050C3F8 /* ProjectDataModel.swift in Sources */,
				93F1F37F2B5987DB00667DB9 /* GeneralDetailCaseViewController.swift in Sources */,
			);
			runOnlyForDeploymentPostprocessing = 0;
		};
/* End PBXSourcesBuildPhase section */

/* Begin PBXVariantGroup section */
		937F042B2AD84E3D006DDB28 /* Main.storyboard */ = {
			isa = PBXVariantGroup;
			children = (
				937F042C2AD84E3D006DDB28 /* Base */,
			);
			name = Main.storyboard;
			sourceTree = "<group>";
		};
		937F04302AD84E3F006DDB28 /* LaunchScreen.storyboard */ = {
			isa = PBXVariantGroup;
			children = (
				937F04312AD84E3F006DDB28 /* Base */,
			);
			name = LaunchScreen.storyboard;
			sourceTree = "<group>";
		};
/* End PBXVariantGroup section */

/* Begin XCBuildConfiguration section */
		937F04342AD84E3F006DDB28 /* Debug */ = {
			isa = XCBuildConfiguration;
			buildSettings = {
				ALWAYS_SEARCH_USER_PATHS = NO;
				ASSETCATALOG_COMPILER_GENERATE_SWIFT_ASSET_SYMBOL_EXTENSIONS = YES;
				CLANG_ANALYZER_NONNULL = YES;
				CLANG_ANALYZER_NUMBER_OBJECT_CONVERSION = YES_AGGRESSIVE;
				CLANG_CXX_LANGUAGE_STANDARD = "gnu++20";
				CLANG_ENABLE_MODULES = YES;
				CLANG_ENABLE_OBJC_ARC = YES;
				CLANG_ENABLE_OBJC_WEAK = YES;
				CLANG_WARN_BLOCK_CAPTURE_AUTORELEASING = YES;
				CLANG_WARN_BOOL_CONVERSION = YES;
				CLANG_WARN_COMMA = YES;
				CLANG_WARN_CONSTANT_CONVERSION = YES;
				CLANG_WARN_DEPRECATED_OBJC_IMPLEMENTATIONS = YES;
				CLANG_WARN_DIRECT_OBJC_ISA_USAGE = YES_ERROR;
				CLANG_WARN_DOCUMENTATION_COMMENTS = YES;
				CLANG_WARN_EMPTY_BODY = YES;
				CLANG_WARN_ENUM_CONVERSION = YES;
				CLANG_WARN_INFINITE_RECURSION = YES;
				CLANG_WARN_INT_CONVERSION = YES;
				CLANG_WARN_NON_LITERAL_NULL_CONVERSION = YES;
				CLANG_WARN_OBJC_IMPLICIT_RETAIN_SELF = YES;
				CLANG_WARN_OBJC_LITERAL_CONVERSION = YES;
				CLANG_WARN_OBJC_ROOT_CLASS = YES_ERROR;
				CLANG_WARN_QUOTED_INCLUDE_IN_FRAMEWORK_HEADER = YES;
				CLANG_WARN_RANGE_LOOP_ANALYSIS = YES;
				CLANG_WARN_STRICT_PROTOTYPES = YES;
				CLANG_WARN_SUSPICIOUS_MOVE = YES;
				CLANG_WARN_UNGUARDED_AVAILABILITY = YES_AGGRESSIVE;
				CLANG_WARN_UNREACHABLE_CODE = YES;
				CLANG_WARN__DUPLICATE_METHOD_MATCH = YES;
				COPY_PHASE_STRIP = NO;
				DEBUG_INFORMATION_FORMAT = dwarf;
				ENABLE_STRICT_OBJC_MSGSEND = YES;
				ENABLE_TESTABILITY = YES;
				ENABLE_USER_SCRIPT_SANDBOXING = YES;
				GCC_C_LANGUAGE_STANDARD = gnu17;
				GCC_DYNAMIC_NO_PIC = NO;
				GCC_NO_COMMON_BLOCKS = YES;
				GCC_OPTIMIZATION_LEVEL = 0;
				GCC_PREPROCESSOR_DEFINITIONS = (
					"DEBUG=1",
					"$(inherited)",
				);
				GCC_WARN_64_TO_32_BIT_CONVERSION = YES;
				GCC_WARN_ABOUT_RETURN_TYPE = YES_ERROR;
				GCC_WARN_UNDECLARED_SELECTOR = YES;
				GCC_WARN_UNINITIALIZED_AUTOS = YES_AGGRESSIVE;
				GCC_WARN_UNUSED_FUNCTION = YES;
				GCC_WARN_UNUSED_VARIABLE = YES;
				IPHONEOS_DEPLOYMENT_TARGET = 17.0;
				LOCALIZATION_PREFERS_STRING_CATALOGS = YES;
				MTL_ENABLE_DEBUG_INFO = INCLUDE_SOURCE;
				MTL_FAST_MATH = YES;
				ONLY_ACTIVE_ARCH = YES;
				SDKROOT = iphoneos;
				SWIFT_ACTIVE_COMPILATION_CONDITIONS = "DEBUG $(inherited)";
				SWIFT_OPTIMIZATION_LEVEL = "-Onone";
			};
			name = Debug;
		};
		937F04352AD84E3F006DDB28 /* Release */ = {
			isa = XCBuildConfiguration;
			buildSettings = {
				ALWAYS_SEARCH_USER_PATHS = NO;
				ASSETCATALOG_COMPILER_GENERATE_SWIFT_ASSET_SYMBOL_EXTENSIONS = YES;
				CLANG_ANALYZER_NONNULL = YES;
				CLANG_ANALYZER_NUMBER_OBJECT_CONVERSION = YES_AGGRESSIVE;
				CLANG_CXX_LANGUAGE_STANDARD = "gnu++20";
				CLANG_ENABLE_MODULES = YES;
				CLANG_ENABLE_OBJC_ARC = YES;
				CLANG_ENABLE_OBJC_WEAK = YES;
				CLANG_WARN_BLOCK_CAPTURE_AUTORELEASING = YES;
				CLANG_WARN_BOOL_CONVERSION = YES;
				CLANG_WARN_COMMA = YES;
				CLANG_WARN_CONSTANT_CONVERSION = YES;
				CLANG_WARN_DEPRECATED_OBJC_IMPLEMENTATIONS = YES;
				CLANG_WARN_DIRECT_OBJC_ISA_USAGE = YES_ERROR;
				CLANG_WARN_DOCUMENTATION_COMMENTS = YES;
				CLANG_WARN_EMPTY_BODY = YES;
				CLANG_WARN_ENUM_CONVERSION = YES;
				CLANG_WARN_INFINITE_RECURSION = YES;
				CLANG_WARN_INT_CONVERSION = YES;
				CLANG_WARN_NON_LITERAL_NULL_CONVERSION = YES;
				CLANG_WARN_OBJC_IMPLICIT_RETAIN_SELF = YES;
				CLANG_WARN_OBJC_LITERAL_CONVERSION = YES;
				CLANG_WARN_OBJC_ROOT_CLASS = YES_ERROR;
				CLANG_WARN_QUOTED_INCLUDE_IN_FRAMEWORK_HEADER = YES;
				CLANG_WARN_RANGE_LOOP_ANALYSIS = YES;
				CLANG_WARN_STRICT_PROTOTYPES = YES;
				CLANG_WARN_SUSPICIOUS_MOVE = YES;
				CLANG_WARN_UNGUARDED_AVAILABILITY = YES_AGGRESSIVE;
				CLANG_WARN_UNREACHABLE_CODE = YES;
				CLANG_WARN__DUPLICATE_METHOD_MATCH = YES;
				COPY_PHASE_STRIP = NO;
				DEBUG_INFORMATION_FORMAT = "dwarf-with-dsym";
				ENABLE_NS_ASSERTIONS = NO;
				ENABLE_STRICT_OBJC_MSGSEND = YES;
				ENABLE_USER_SCRIPT_SANDBOXING = YES;
				GCC_C_LANGUAGE_STANDARD = gnu17;
				GCC_NO_COMMON_BLOCKS = YES;
				GCC_WARN_64_TO_32_BIT_CONVERSION = YES;
				GCC_WARN_ABOUT_RETURN_TYPE = YES_ERROR;
				GCC_WARN_UNDECLARED_SELECTOR = YES;
				GCC_WARN_UNINITIALIZED_AUTOS = YES_AGGRESSIVE;
				GCC_WARN_UNUSED_FUNCTION = YES;
				GCC_WARN_UNUSED_VARIABLE = YES;
				IPHONEOS_DEPLOYMENT_TARGET = 17.0;
				LOCALIZATION_PREFERS_STRING_CATALOGS = YES;
				MTL_ENABLE_DEBUG_INFO = NO;
				MTL_FAST_MATH = YES;
				SDKROOT = iphoneos;
				SWIFT_COMPILATION_MODE = wholemodule;
				VALIDATE_PRODUCT = YES;
			};
			name = Release;
		};
		937F04372AD84E3F006DDB28 /* Debug */ = {
			isa = XCBuildConfiguration;
			buildSettings = {
				ASSETCATALOG_COMPILER_APPICON_NAME = AppIcon;
				ASSETCATALOG_COMPILER_GLOBAL_ACCENT_COLOR_NAME = AccentColor;
				CODE_SIGN_STYLE = Automatic;
				CURRENT_PROJECT_VERSION = 1;
				DEVELOPMENT_TEAM = MA2R32826U;
				GENERATE_INFOPLIST_FILE = YES;
				INFOPLIST_FILE = QaseAPIProj/Info.plist;
				INFOPLIST_KEY_UIApplicationSupportsIndirectInputEvents = YES;
				INFOPLIST_KEY_UILaunchStoryboardName = LaunchScreen;
				INFOPLIST_KEY_UIMainStoryboardFile = Main;
				INFOPLIST_KEY_UIStatusBarStyle = UIStatusBarStyleLightContent;
				INFOPLIST_KEY_UISupportedInterfaceOrientations = UIInterfaceOrientationPortrait;
				INFOPLIST_KEY_UISupportedInterfaceOrientations_iPad = "UIInterfaceOrientationLandscapeLeft UIInterfaceOrientationLandscapeRight UIInterfaceOrientationPortrait UIInterfaceOrientationPortraitUpsideDown";
				LD_RUNPATH_SEARCH_PATHS = (
					"$(inherited)",
					"@executable_path/Frameworks",
				);
				MARKETING_VERSION = 1.0;
				PRODUCT_BUNDLE_IDENTIFIER = sergeyIvanov.QaseAPIProj;
				PRODUCT_NAME = "$(TARGET_NAME)";
				SUPPORTED_PLATFORMS = "iphoneos iphonesimulator";
				SUPPORTS_MACCATALYST = NO;
				SUPPORTS_MAC_DESIGNED_FOR_IPHONE_IPAD = NO;
				SWIFT_EMIT_LOC_STRINGS = YES;
				SWIFT_VERSION = 5.0;
				TARGETED_DEVICE_FAMILY = 1;
			};
			name = Debug;
		};
		937F04382AD84E3F006DDB28 /* Release */ = {
			isa = XCBuildConfiguration;
			buildSettings = {
				ASSETCATALOG_COMPILER_APPICON_NAME = AppIcon;
				ASSETCATALOG_COMPILER_GLOBAL_ACCENT_COLOR_NAME = AccentColor;
				CODE_SIGN_STYLE = Automatic;
				CURRENT_PROJECT_VERSION = 1;
				DEVELOPMENT_TEAM = MA2R32826U;
				GENERATE_INFOPLIST_FILE = YES;
				INFOPLIST_FILE = QaseAPIProj/Info.plist;
				INFOPLIST_KEY_UIApplicationSupportsIndirectInputEvents = YES;
				INFOPLIST_KEY_UILaunchStoryboardName = LaunchScreen;
				INFOPLIST_KEY_UIMainStoryboardFile = Main;
				INFOPLIST_KEY_UIStatusBarStyle = UIStatusBarStyleLightContent;
				INFOPLIST_KEY_UISupportedInterfaceOrientations = UIInterfaceOrientationPortrait;
				INFOPLIST_KEY_UISupportedInterfaceOrientations_iPad = "UIInterfaceOrientationLandscapeLeft UIInterfaceOrientationLandscapeRight UIInterfaceOrientationPortrait UIInterfaceOrientationPortraitUpsideDown";
				LD_RUNPATH_SEARCH_PATHS = (
					"$(inherited)",
					"@executable_path/Frameworks",
				);
				MARKETING_VERSION = 1.0;
				PRODUCT_BUNDLE_IDENTIFIER = sergeyIvanov.QaseAPIProj;
				PRODUCT_NAME = "$(TARGET_NAME)";
				SUPPORTED_PLATFORMS = "iphoneos iphonesimulator";
				SUPPORTS_MACCATALYST = NO;
				SUPPORTS_MAC_DESIGNED_FOR_IPHONE_IPAD = NO;
				SWIFT_EMIT_LOC_STRINGS = YES;
				SWIFT_VERSION = 5.0;
				TARGETED_DEVICE_FAMILY = 1;
			};
			name = Release;
		};
/* End XCBuildConfiguration section */

/* Begin XCConfigurationList section */
		937F041D2AD84E3D006DDB28 /* Build configuration list for PBXProject "QaseAPIProj" */ = {
			isa = XCConfigurationList;
			buildConfigurations = (
				937F04342AD84E3F006DDB28 /* Debug */,
				937F04352AD84E3F006DDB28 /* Release */,
			);
			defaultConfigurationIsVisible = 0;
			defaultConfigurationName = Release;
		};
		937F04362AD84E3F006DDB28 /* Build configuration list for PBXNativeTarget "QaseAPIProj" */ = {
			isa = XCConfigurationList;
			buildConfigurations = (
				937F04372AD84E3F006DDB28 /* Debug */,
				937F04382AD84E3F006DDB28 /* Release */,
			);
			defaultConfigurationIsVisible = 0;
			defaultConfigurationName = Release;
		};
/* End XCConfigurationList section */
	};
	rootObject = 937F041A2AD84E3D006DDB28 /* Project object */;
}
